
Microsoft Visual Studio Solution File, Format Version 12.00
# Visual Studio Version 16
VisualStudioVersion = 16.0.29503.13
MinimumVisualStudioVersion = 10.0.40219.1
Project("{2150E333-8FDC-42A3-9474-1A3956D46DE8}") = "Solution Items", "Solution Items", "{B5F598DD-A598-4A46-85C6-A0611110FC31}"
EndProject
Project("{9A19103F-16F7-4668-BE54-9A1E7A4F7556}") = "ADO.NET Example", "ADO.NET Example\ADO.NET Example.csproj", "{DAE7B0AC-A7B6-48E4-826E-08750BB61193}"
EndProject
Global
	GlobalSection(SolutionConfigurationPlatforms) = preSolution
		Debug|Any CPU = Debug|Any CPU
		Release|Any CPU = Release|Any CPU
	EndGlobalSection
	GlobalSection(ProjectConfigurationPlatforms) = postSolution
		{DAE7B0AC-A7B6-48E4-826E-08750BB61193}.Debug|Any CPU.ActiveCfg = Debug|Any CPU
		{DAE7B0AC-A7B6-48E4-826E-08750BB61193}.Debug|Any CPU.Build.0 = Debug|Any CPU
		{DAE7B0AC-A7B6-48E4-826E-08750BB61193}.Release|Any CPU.ActiveCfg = Release|Any CPU
		{DAE7B0AC-A7B6-48E4-826E-08750BB61193}.Release|Any CPU.Build.0 = Release|Any CPU
	EndGlobalSection
	GlobalSection(SolutionProperties) = preSolution
		HideSolutionNode = FALSE
	EndGlobalSection
	GlobalSection(ExtensibilityGlobals) = postSolution
		SolutionGuid = {8B80DDDD-3D46-46CD-8A56-6E75FFF42F06}
	EndGlobalSection
EndGlobal
