
Microsoft Visual Studio Solution File, Format Version 12.00
# Visual Studio Version 16
VisualStudioVersion = 16.0.29503.13
MinimumVisualStudioVersion = 10.0.40219.1
Project("{9A19103F-16F7-4668-BE54-9A1E7A4F7556}") = "WindowsApplication1", "WindowsApplication1\WindowsApplication1.csproj", "{B7B59F64-29D9-4550-A869-6AC5B550B820}"
EndProject
Global
	GlobalSection(SolutionConfigurationPlatforms) = preSolution
		Debug|Any CPU = Debug|Any CPU
		Release|Any CPU = Release|Any CPU
	EndGlobalSection
	GlobalSection(ProjectConfigurationPlatforms) = postSolution
		{B7B59F64-29D9-4550-A869-6AC5B550B820}.Debug|Any CPU.ActiveCfg = Debug|Any CPU
		{B7B59F64-29D9-4550-A869-6AC5B550B820}.Debug|Any CPU.Build.0 = Debug|Any CPU
		{B7B59F64-29D9-4550-A869-6AC5B550B820}.Release|Any CPU.ActiveCfg = Release|Any CPU
		{B7B59F64-29D9-4550-A869-6AC5B550B820}.Release|Any CPU.Build.0 = Release|Any CPU
	EndGlobalSection
	GlobalSection(SolutionProperties) = preSolution
		HideSolutionNode = FALSE
	EndGlobalSection
	GlobalSection(ExtensibilityGlobals) = postSolution
		SolutionGuid = {B4C30D33-9873-4B97-8814-DC6254BE6579}
	EndGlobalSection
EndGlobal
