
Microsoft Visual Studio Solution File, Format Version 12.00
# Visual Studio Version 16
VisualStudioVersion = 16.0.31321.278
MinimumVisualStudioVersion = 10.0.40219.1
Project("{FAE04EC0-301F-11D3-BF4B-00C04F79EFBC}") = "DatabaseFirst", "DatabaseFirst\DatabaseFirst.csproj", "{763DDF99-7157-40F6-99F1-1573E1C1BE48}"
EndProject
Global
	GlobalSection(SolutionConfigurationPlatforms) = preSolution
		Debug|Any CPU = Debug|Any CPU
		Release|Any CPU = Release|Any CPU
	EndGlobalSection
	GlobalSection(ProjectConfigurationPlatforms) = postSolution
		{763DDF99-7157-40F6-99F1-1573E1C1BE48}.Debug|Any CPU.ActiveCfg = Debug|Any CPU
		{763DDF99-7157-40F6-99F1-1573E1C1BE48}.Debug|Any CPU.Build.0 = Debug|Any CPU
		{763DDF99-7157-40F6-99F1-1573E1C1BE48}.Release|Any CPU.ActiveCfg = Release|Any CPU
		{763DDF99-7157-40F6-99F1-1573E1C1BE48}.Release|Any CPU.Build.0 = Release|Any CPU
	EndGlobalSection
	GlobalSection(SolutionProperties) = preSolution
		HideSolutionNode = FALSE
	EndGlobalSection
	GlobalSection(ExtensibilityGlobals) = postSolution
		SolutionGuid = {7957CA9F-83B3-459D-A5CB-B03106F59C59}
	EndGlobalSection
EndGlobal
