
Microsoft Visual Studio Solution File, Format Version 12.00
# Visual Studio Version 17
VisualStudioVersion = 17.8.34525.116
MinimumVisualStudioVersion = 10.0.40219.1
Project("{9A19103F-16F7-4668-BE54-9A1E7A4F7556}") = "DapperHW", "Dapper\DapperHW.csproj", "{AC8AD5BD-3B46-4D06-B0BE-2BC042E092BF}"
EndProject
Global
	GlobalSection(SolutionConfigurationPlatforms) = preSolution
		Debug|Any CPU = Debug|Any CPU
		Release|Any CPU = Release|Any CPU
	EndGlobalSection
	GlobalSection(ProjectConfigurationPlatforms) = postSolution
		{AC8AD5BD-3B46-4D06-B0BE-2BC042E092BF}.Debug|Any CPU.ActiveCfg = Debug|Any CPU
		{AC8AD5BD-3B46-4D06-B0BE-2BC042E092BF}.Debug|Any CPU.Build.0 = Debug|Any CPU
		{AC8AD5BD-3B46-4D06-B0BE-2BC042E092BF}.Release|Any CPU.ActiveCfg = Release|Any CPU
		{AC8AD5BD-3B46-4D06-B0BE-2BC042E092BF}.Release|Any CPU.Build.0 = Release|Any CPU
	EndGlobalSection
	GlobalSection(SolutionProperties) = preSolution
		HideSolutionNode = FALSE
	EndGlobalSection
	GlobalSection(ExtensibilityGlobals) = postSolution
		SolutionGuid = {90A7BA0A-676A-40FD-9440-D84B03D592ED}
	EndGlobalSection
EndGlobal
