
Microsoft Visual Studio Solution File, Format Version 12.00
# Visual Studio Version 17
VisualStudioVersion = 17.8.34525.116
MinimumVisualStudioVersion = 10.0.40219.1
Project("{FAE04EC0-301F-11D3-BF4B-00C04F79EFBC}") = "FruitsAndVegeyables", "FruitsAndVegeyables\FruitsAndVegeyables.csproj", "{4C970CD1-70D9-42EB-8B91-D383B2C5E75C}"
EndProject
Global
	GlobalSection(SolutionConfigurationPlatforms) = preSolution
		Debug|Any CPU = Debug|Any CPU
		Release|Any CPU = Release|Any CPU
	EndGlobalSection
	GlobalSection(ProjectConfigurationPlatforms) = postSolution
		{4C970CD1-70D9-42EB-8B91-D383B2C5E75C}.Debug|Any CPU.ActiveCfg = Debug|Any CPU
		{4C970CD1-70D9-42EB-8B91-D383B2C5E75C}.Debug|Any CPU.Build.0 = Debug|Any CPU
		{4C970CD1-70D9-42EB-8B91-D383B2C5E75C}.Release|Any CPU.ActiveCfg = Release|Any CPU
		{4C970CD1-70D9-42EB-8B91-D383B2C5E75C}.Release|Any CPU.Build.0 = Release|Any CPU
	EndGlobalSection
	GlobalSection(SolutionProperties) = preSolution
		HideSolutionNode = FALSE
	EndGlobalSection
	GlobalSection(ExtensibilityGlobals) = postSolution
		SolutionGuid = {8B190AAE-747D-4BF0-9130-D392D0C6A137}
	EndGlobalSection
EndGlobal
