
Microsoft Visual Studio Solution File, Format Version 12.00
# Visual Studio Version 17
VisualStudioVersion = 17.8.34525.116
MinimumVisualStudioVersion = 10.0.40219.1
Project("{9A19103F-16F7-4668-BE54-9A1E7A4F7556}") = "CodeFirst.EagerLoading", "CodeFirst.LazyLoading\CodeFirst.EagerLoading.csproj", "{EEF01225-4897-4339-8E75-3D454B50DC55}"
EndProject
Global
	GlobalSection(SolutionConfigurationPlatforms) = preSolution
		Debug|Any CPU = Debug|Any CPU
		Release|Any CPU = Release|Any CPU
	EndGlobalSection
	GlobalSection(ProjectConfigurationPlatforms) = postSolution
		{EEF01225-4897-4339-8E75-3D454B50DC55}.Debug|Any CPU.ActiveCfg = Debug|Any CPU
		{EEF01225-4897-4339-8E75-3D454B50DC55}.Debug|Any CPU.Build.0 = Debug|Any CPU
		{EEF01225-4897-4339-8E75-3D454B50DC55}.Release|Any CPU.ActiveCfg = Release|Any CPU
		{EEF01225-4897-4339-8E75-3D454B50DC55}.Release|Any CPU.Build.0 = Release|Any CPU
	EndGlobalSection
	GlobalSection(SolutionProperties) = preSolution
		HideSolutionNode = FALSE
	EndGlobalSection
	GlobalSection(ExtensibilityGlobals) = postSolution
		SolutionGuid = {F1CA1D6A-6F84-4897-A0CF-4E640A32940E}
	EndGlobalSection
EndGlobal
