
Microsoft Visual Studio Solution File, Format Version 12.00
# Visual Studio Version 17
VisualStudioVersion = 17.8.34525.116
MinimumVisualStudioVersion = 10.0.40219.1
Project("{FAE04EC0-301F-11D3-BF4B-00C04F79EFBC}") = "Stationery", "Stationery\Stationery.csproj", "{B8D4AC4A-5549-4FE3-AC27-23691D6474CF}"
EndProject
Global
	GlobalSection(SolutionConfigurationPlatforms) = preSolution
		Debug|Any CPU = Debug|Any CPU
		Release|Any CPU = Release|Any CPU
	EndGlobalSection
	GlobalSection(ProjectConfigurationPlatforms) = postSolution
		{B8D4AC4A-5549-4FE3-AC27-23691D6474CF}.Debug|Any CPU.ActiveCfg = Debug|Any CPU
		{B8D4AC4A-5549-4FE3-AC27-23691D6474CF}.Debug|Any CPU.Build.0 = Debug|Any CPU
		{B8D4AC4A-5549-4FE3-AC27-23691D6474CF}.Release|Any CPU.ActiveCfg = Release|Any CPU
		{B8D4AC4A-5549-4FE3-AC27-23691D6474CF}.Release|Any CPU.Build.0 = Release|Any CPU
	EndGlobalSection
	GlobalSection(SolutionProperties) = preSolution
		HideSolutionNode = FALSE
	EndGlobalSection
	GlobalSection(ExtensibilityGlobals) = postSolution
		SolutionGuid = {0339176C-3022-4FB0-A0DA-F9DC54CFFE43}
	EndGlobalSection
EndGlobal
